{
  "name": "js",
  "lockfileVersion": 2,
  "requires": true,
  "packages": {
    "": {
      "dependencies": {
        "wavesurfer.js": "^7.8.4"
      }
    },
    "node_modules/wavesurfer.js": {
      "version": "7.8.4",
      "resolved": "https://registry.npmjs.org/wavesurfer.js/-/wavesurfer.js-7.8.4.tgz",
      "integrity": "sha512-KhCCdts2sL/cjgsGWayvqTSagz55YauTvObzY5dgU9WXYddDUJ5rQwy/4MI/CNURfAjDL17kufOVbKgeIR5tZA=="
    }
  },
  "dependencies": {
    "wavesurfer.js": {
      "version": "7.8.4",
      "resolved": "https://registry.npmjs.org/wavesurfer.js/-/wavesurfer.js-7.8.4.tgz",
      "integrity": "sha512-KhCCdts2sL/cjgsGWayvqTSagz55YauTvObzY5dgU9WXYddDUJ5rQwy/4MI/CNURfAjDL17kufOVbKgeIR5tZA=="
    }
  }
}
